
Microsoft Visual Studio Solution File, Format Version 12.00
# Visual Studio Version 17
VisualStudioVersion = 17.1.32210.238
MinimumVisualStudioVersion = 10.0.40219.1
Project("{FAE04EC0-301F-11D3-BF4B-00C04F79EFBC}") = "emails", "emails\emails.csproj", "{DB18A9A9-F5C6-43C6-8103-5DC8AB538034}"
EndProject
Global
	GlobalSection(SolutionConfigurationPlatforms) = preSolution
		Debug|Any CPU = Debug|Any CPU
		Release|Any CPU = Release|Any CPU
	EndGlobalSection
	GlobalSection(ProjectConfigurationPlatforms) = postSolution
		{DB18A9A9-F5C6-43C6-8103-5DC8AB538034}.Debug|Any CPU.ActiveCfg = Debug|Any CPU
		{DB18A9A9-F5C6-43C6-8103-5DC8AB538034}.Debug|Any CPU.Build.0 = Debug|Any CPU
		{DB18A9A9-F5C6-43C6-8103-5DC8AB538034}.Release|Any CPU.ActiveCfg = Release|Any CPU
		{DB18A9A9-F5C6-43C6-8103-5DC8AB538034}.Release|Any CPU.Build.0 = Release|Any CPU
	EndGlobalSection
	GlobalSection(SolutionProperties) = preSolution
		HideSolutionNode = FALSE
	EndGlobalSection
	GlobalSection(ExtensibilityGlobals) = postSolution
		SolutionGuid = {7341FC7B-B1DE-4A9D-AF0B-D31E42A0BD22}
	EndGlobalSection
EndGlobal
